
Microsoft Visual Studio Solution File, Format Version 12.00
# Visual Studio 15
Project("{FAE04EC0-301F-11D3-BF4B-00C04F79EFBC}") = "Assembly-CSharp-firstpass", "Assembly-CSharp-firstpass.csproj", "{BB54F740-E748-5D0E-B993-B3B2CAE9D145}"
EndProject
Project("{FAE04EC0-301F-11D3-BF4B-00C04F79EFBC}") = "Assembly-CSharp", "Assembly-CSharp.csproj", "{92598A19-DB4D-2B0F-ED8A-5E1B8028AE12}"
EndProject
Project("{FAE04EC0-301F-11D3-BF4B-00C04F79EFBC}") = "Assembly-CSharp-Editor-firstpass", "Assembly-CSharp-Editor-firstpass.csproj", "{220810D0-DA64-105E-5021-15F7FFD530EF}"
EndProject
Global
	GlobalSection(SolutionConfigurationPlatforms) = preSolution
		Debug|Any CPU = Debug|Any CPU
		Release|Any CPU = Release|Any CPU
	EndGlobalSection
	GlobalSection(ProjectConfigurationPlatforms) = postSolution
		{BB54F740-E748-5D0E-B993-B3B2CAE9D145}.Debug|Any CPU.ActiveCfg = Debug|Any CPU
		{BB54F740-E748-5D0E-B993-B3B2CAE9D145}.Debug|Any CPU.Build.0 = Debug|Any CPU
		{BB54F740-E748-5D0E-B993-B3B2CAE9D145}.Release|Any CPU.ActiveCfg = Release|Any CPU
		{BB54F740-E748-5D0E-B993-B3B2CAE9D145}.Release|Any CPU.Build.0 = Release|Any CPU
		{92598A19-DB4D-2B0F-ED8A-5E1B8028AE12}.Debug|Any CPU.ActiveCfg = Debug|Any CPU
		{92598A19-DB4D-2B0F-ED8A-5E1B8028AE12}.Debug|Any CPU.Build.0 = Debug|Any CPU
		{92598A19-DB4D-2B0F-ED8A-5E1B8028AE12}.Release|Any CPU.ActiveCfg = Release|Any CPU
		{92598A19-DB4D-2B0F-ED8A-5E1B8028AE12}.Release|Any CPU.Build.0 = Release|Any CPU
		{220810D0-DA64-105E-5021-15F7FFD530EF}.Debug|Any CPU.ActiveCfg = Debug|Any CPU
		{220810D0-DA64-105E-5021-15F7FFD530EF}.Debug|Any CPU.Build.0 = Debug|Any CPU
		{220810D0-DA64-105E-5021-15F7FFD530EF}.Release|Any CPU.ActiveCfg = Release|Any CPU
		{220810D0-DA64-105E-5021-15F7FFD530EF}.Release|Any CPU.Build.0 = Release|Any CPU
	EndGlobalSection
	GlobalSection(SolutionProperties) = preSolution
		HideSolutionNode = FALSE
	EndGlobalSection
EndGlobal
